
Microsoft Visual Studio Solution File, Format Version 12.00
# Visual Studio 15
VisualStudioVersion = 15.0.27703.2035
MinimumVisualStudioVersion = 10.0.40219.1
Project("{FAE04EC0-301F-11D3-BF4B-00C04F79EFBC}") = "CovalcoWebApi", "CovalcoWebApi\CovalcoWebApi.csproj", "{587AF4D4-7EA7-4FB9-A1DE-2DAA3C68BD6E}"
EndProject
Project("{FAE04EC0-301F-11D3-BF4B-00C04F79EFBC}") = "CovalcoWebApi.Tests", "CovalcoWebApi.Tests\CovalcoWebApi.Tests.csproj", "{7605D463-8A23-474C-91F0-E99B15DB295C}"
EndProject
Global
	GlobalSection(SolutionConfigurationPlatforms) = preSolution
		Debug|Any CPU = Debug|Any CPU
		Release|Any CPU = Release|Any CPU
	EndGlobalSection
	GlobalSection(ProjectConfigurationPlatforms) = postSolution
		{587AF4D4-7EA7-4FB9-A1DE-2DAA3C68BD6E}.Debug|Any CPU.ActiveCfg = Debug|Any CPU
		{587AF4D4-7EA7-4FB9-A1DE-2DAA3C68BD6E}.Debug|Any CPU.Build.0 = Debug|Any CPU
		{587AF4D4-7EA7-4FB9-A1DE-2DAA3C68BD6E}.Release|Any CPU.ActiveCfg = Release|Any CPU
		{587AF4D4-7EA7-4FB9-A1DE-2DAA3C68BD6E}.Release|Any CPU.Build.0 = Release|Any CPU
		{7605D463-8A23-474C-91F0-E99B15DB295C}.Debug|Any CPU.ActiveCfg = Debug|Any CPU
		{7605D463-8A23-474C-91F0-E99B15DB295C}.Debug|Any CPU.Build.0 = Debug|Any CPU
		{7605D463-8A23-474C-91F0-E99B15DB295C}.Release|Any CPU.ActiveCfg = Release|Any CPU
		{7605D463-8A23-474C-91F0-E99B15DB295C}.Release|Any CPU.Build.0 = Release|Any CPU
	EndGlobalSection
	GlobalSection(SolutionProperties) = preSolution
		HideSolutionNode = FALSE
	EndGlobalSection
	GlobalSection(ExtensibilityGlobals) = postSolution
		SolutionGuid = {6BB5665D-68E5-4D47-9ABD-22F289814365}
	EndGlobalSection
EndGlobal
